{
  "name": "@google-web-components/google-apis",
  "version": "3.0.1",
  "lockfileVersion": 1,
  "requires": true,
  "dependencies": {
    "@polymer/app-layout": {
      "version": "3.0.0-pre.19",
      "resolved": "https://registry.npmjs.org/@polymer/app-layout/-/app-layout-3.0.0-pre.19.tgz",
      "integrity": "sha512-muzusDvipeLZL7VFf+15EzpFXrHDFZOPtZyV4pohVZMSdPtGpmwVDWaAORmAveBClkFG4oZ7iPSCglYkA6zpOg==",
      "dev": true,
      "requires": {
        "@polymer/iron-flex-layout": "^3.0.0-pre.19",
        "@polymer/iron-media-query": "^3.0.0-pre.19",
        "@polymer/iron-resizable-behavior": "^3.0.0-pre.19",
        "@polymer/iron-scroll-target-behavior": "^3.0.0-pre.19",
        "@polymer/polymer": "^3.0.0"
      }
    },
    "@polymer/font-roboto": {
      "version": "3.0.0-pre.19",
      "resolved": "https://registry.npmjs.org/@polymer/font-roboto/-/font-roboto-3.0.0-pre.19.tgz",
      "integrity": "sha512-brLUbgLGzBVNlmHhpDHnWdPI6KNkHmTjtX+82dvHpeuUjPsey2uH4fFofWC+m29/yxY+GH5RGv493AfRUDcokQ==",
      "dev": true
    },
    "@polymer/iron-a11y-announcer": {
      "version": "3.0.0-pre.19",
      "resolved": "https://registry.npmjs.org/@polymer/iron-a11y-announcer/-/iron-a11y-announcer-3.0.0-pre.19.tgz",
      "integrity": "sha512-iKD9eOlMkxZvvdd1QiwqsWQhrvbOsSF2KpjydbZjr6J+e2ADITyvN8TYocTm9ekqwmV90slF6YWWLuF3JO0OWQ==",
      "dev": true,
      "requires": {
        "@polymer/polymer": "^3.0.0"
      }
    },
    "@polymer/iron-a11y-keys-behavior": {
      "version": "3.0.0-pre.19",
      "resolved": "https://registry.npmjs.org/@polymer/iron-a11y-keys-behavior/-/iron-a11y-keys-behavior-3.0.0-pre.19.tgz",
      "integrity": "sha512-jti4YDsjxTny2AJJxAQ89Gwq7+AMblOZLWBOQiciqDuRdj+nEelf227DAUwIejoII6cYQCV/Knw+Qit5zZx2kQ==",
      "dev": true,
      "requires": {
        "@polymer/polymer": "^3.0.0"
      }
    },
    "@polymer/iron-ajax": {
      "version": "3.0.0-pre.19",
      "resolved": "https://registry.npmjs.org/@polymer/iron-ajax/-/iron-ajax-3.0.0-pre.19.tgz",
      "integrity": "sha512-Jq65lAJA2junXdWzkGc1mr2UpjknKFS3eBXXiuUtg6iXLkGuT4S0dLaW9OuPngP/28jk1Ve6l2zPz826PSao4Q==",
      "dev": true,
      "requires": {
        "@polymer/polymer": "^3.0.0"
      }
    },
    "@polymer/iron-behaviors": {
      "version": "3.0.0-pre.19",
      "resolved": "https://registry.npmjs.org/@polymer/iron-behaviors/-/iron-behaviors-3.0.0-pre.19.tgz",
      "integrity": "sha512-pxiCO2sN5by1Xmx9aVG9+t/Mpx7HRVXPUt1Aj8qxgF6lE+LlkiHWtOkl1WYqeun1F4Yh38x5LztWnCUvxe5sEw==",
      "dev": true,
      "requires": {
        "@polymer/iron-a11y-keys-behavior": "^3.0.0-pre.19",
        "@polymer/polymer": "^3.0.0"
      }
    },
    "@polymer/iron-checked-element-behavior": {
      "version": "3.0.0-pre.19",
      "resolved": "https://registry.npmjs.org/@polymer/iron-checked-element-behavior/-/iron-checked-element-behavior-3.0.0-pre.19.tgz",
      "integrity": "sha512-NEEaAhjtGvSffeqep2a0GXpTqc0K3wcgO1lR5NAMOQjNcnbh62twdkTPJyw1EGs9l+PL0IpepUAYTOI305MWXg==",
      "dev": true,
      "requires": {
        "@polymer/iron-form-element-behavior": "^3.0.0-pre.19",
        "@polymer/iron-validatable-behavior": "^3.0.0-pre.19",
        "@polymer/polymer": "^3.0.0"
      }
    },
    "@polymer/iron-component-page": {
      "version": "3.0.0-pre.19",
      "resolved": "https://registry.npmjs.org/@polymer/iron-component-page/-/iron-component-page-3.0.0-pre.19.tgz",
      "integrity": "sha512-PxLVO95jOy+Hmak+Htn1ausvuxg/SmAAUnxXlDLOsLNbcY9iIniRMBqNqVYjUagbXYuVjbHMmFPc9KIrW87xJA==",
      "dev": true,
      "requires": {
        "@polymer/app-layout": "^3.0.0-pre.19",
        "@polymer/iron-ajax": "^3.0.0-pre.19",
        "@polymer/iron-doc-viewer": "^3.0.0-pre.19",
        "@polymer/iron-icons": "^3.0.0-pre.19",
        "@polymer/paper-icon-button": "^3.0.0-pre.19",
        "@polymer/paper-styles": "^3.0.0-pre.19",
        "@polymer/paper-toast": "^3.0.0-pre.19",
        "@polymer/polymer": "^3.0.0"
      }
    },
    "@polymer/iron-doc-viewer": {
      "version": "3.0.0-pre.19",
      "resolved": "https://registry.npmjs.org/@polymer/iron-doc-viewer/-/iron-doc-viewer-3.0.0-pre.19.tgz",
      "integrity": "sha512-k87ll1YQ/NzlY8NmPhDJVrpjSVjRTrkQMq6FbHSYZ+Xe5yrR9iu9ZwLH0hFh1qshRtv/sap2WlTFxM8AeiXv8A==",
      "dev": true,
      "requires": {
        "@polymer/iron-location": "^3.0.0-pre.19",
        "@polymer/marked-element": "^3.0.0-pre.19",
        "@polymer/paper-styles": "^3.0.0-pre.19",
        "@polymer/polymer": "^3.0.0",
        "@polymer/prism-element": "^3.0.0-pre.19"
      }
    },
    "@polymer/iron-fit-behavior": {
      "version": "3.0.0-pre.19",
      "resolved": "https://registry.npmjs.org/@polymer/iron-fit-behavior/-/iron-fit-behavior-3.0.0-pre.19.tgz",
      "integrity": "sha512-GH4az4Khfd5Zhan097ho5Nnkoemp+ZpehZY2kjLB4YqXDvzh9iy+WL5oLQQEvdedQrlFn5JG0a+NRj65hukprw==",
      "dev": true,
      "requires": {
        "@polymer/polymer": "^3.0.0"
      }
    },
    "@polymer/iron-flex-layout": {
      "version": "3.0.0-pre.19",
      "resolved": "https://registry.npmjs.org/@polymer/iron-flex-layout/-/iron-flex-layout-3.0.0-pre.19.tgz",
      "integrity": "sha512-EZ25vUjmZXLc0hKJj338Ec1fQwemBsfe+Zo5d6ThzJzoSq72uGlZ8deLYNiAhIw6UZZxWttXcN6c/2kZ4qV18A==",
      "dev": true,
      "requires": {
        "@polymer/polymer": "^3.0.0"
      }
    },
    "@polymer/iron-form-element-behavior": {
      "version": "3.0.0-pre.19",
      "resolved": "https://registry.npmjs.org/@polymer/iron-form-element-behavior/-/iron-form-element-behavior-3.0.0-pre.19.tgz",
      "integrity": "sha512-ZiJ65MFcuFk2kJZqgY8ogspeV8mcrhlIOkwSaT/RWkhakeQ5WZ3++jhmjmNVQqUbYBPr0eLtZQp/TqGjd1UGyg==",
      "dev": true,
      "requires": {
        "@polymer/polymer": "^3.0.0"
      }
    },
    "@polymer/iron-icon": {
      "version": "3.0.0-pre.19",
      "resolved": "https://registry.npmjs.org/@polymer/iron-icon/-/iron-icon-3.0.0-pre.19.tgz",
      "integrity": "sha512-bXL8xib8qoX/R91iAWp69lgwZa+S6lGPMmqIU4H6iFn2o5N9MlNppP45oyxgxm7OX6XNa7RMMTfKyQ2y9wcLoQ==",
      "dev": true,
      "requires": {
        "@polymer/iron-flex-layout": "^3.0.0-pre.19",
        "@polymer/iron-meta": "^3.0.0-pre.19",
        "@polymer/polymer": "^3.0.0"
      }
    },
    "@polymer/iron-icons": {
      "version": "3.0.0-pre.19",
      "resolved": "https://registry.npmjs.org/@polymer/iron-icons/-/iron-icons-3.0.0-pre.19.tgz",
      "integrity": "sha512-mHHtyeDQVjALgRMogLIAOpdMQoa3it2f+xWH+C2trZDlJH7BNILX2Aq9qQlxf1EJFTwbWQJOCVc06XdkD451mQ==",
      "dev": true,
      "requires": {
        "@polymer/iron-icon": "^3.0.0-pre.19",
        "@polymer/iron-iconset-svg": "^3.0.0-pre.19",
        "@polymer/polymer": "^3.0.0"
      }
    },
    "@polymer/iron-iconset-svg": {
      "version": "3.0.0-pre.19",
      "resolved": "https://registry.npmjs.org/@polymer/iron-iconset-svg/-/iron-iconset-svg-3.0.0-pre.19.tgz",
      "integrity": "sha512-3MvRYvcbx/fkrFlGDVpPoUqX0l87EbNJT4Uaj36ZjMo/TbWtfZ8tYSaM/tWqhPnOLTjQgDNpWkVq3mEwLFIljg==",
      "dev": true,
      "requires": {
        "@polymer/iron-meta": "^3.0.0-pre.19",
        "@polymer/polymer": "^3.0.0"
      }
    },
    "@polymer/iron-jsonp-library": {
      "version": "3.0.0-pre.19",
      "resolved": "https://registry.npmjs.org/@polymer/iron-jsonp-library/-/iron-jsonp-library-3.0.0-pre.19.tgz",
      "integrity": "sha512-gG1ylBRUu04nN63q2KiFxiw/t3/wcKWnAmvIJSK1yIRgn77FxHnIakjK0f7YWTppstxP9sowa8vtDKlr51Z/Eg==",
      "requires": {
        "@polymer/polymer": "^3.0.0"
      }
    },
    "@polymer/iron-location": {
      "version": "3.0.0-pre.19",
      "resolved": "https://registry.npmjs.org/@polymer/iron-location/-/iron-location-3.0.0-pre.19.tgz",
      "integrity": "sha512-VGL1TGrnSPXmbMtHo2pazY8fhg3lKLGC6pOeMdwk8fMHDurfO7atVHjlcVLKrCDB7L38rqNN+af6HRSCrHJ7/A==",
      "dev": true,
      "requires": {
        "@polymer/polymer": "^3.0.0"
      }
    },
    "@polymer/iron-media-query": {
      "version": "3.0.0-pre.19",
      "resolved": "https://registry.npmjs.org/@polymer/iron-media-query/-/iron-media-query-3.0.0-pre.19.tgz",
      "integrity": "sha512-VDLSE5b0XoR2tj4cXiwW+eKELAaS6kilJWBmScwHsB5xQ8SnU/6ArfpJYFd9gNROFid9c632ldfmP863wwLJ1g==",
      "dev": true,
      "requires": {
        "@polymer/polymer": "^3.0.0"
      }
    },
    "@polymer/iron-meta": {
      "version": "3.0.0-pre.19",
      "resolved": "https://registry.npmjs.org/@polymer/iron-meta/-/iron-meta-3.0.0-pre.19.tgz",
      "integrity": "sha512-rZk6W37srfnB1MqlYq3sbg/mZiGSYf/xpjc7xf7uJUUvX+oe0o65o4T4b1BwthVE6uqffO43p2MjFt2kDXDrjA==",
      "dev": true,
      "requires": {
        "@polymer/polymer": "^3.0.0"
      }
    },
    "@polymer/iron-overlay-behavior": {
      "version": "3.0.0-pre.19",
      "resolved": "https://registry.npmjs.org/@polymer/iron-overlay-behavior/-/iron-overlay-behavior-3.0.0-pre.19.tgz",
      "integrity": "sha512-7VvDvXpoYaK2mTBkWZKXY/K8obE0daWe+IgvX97yNzcrmgdPZ/18FtWmiAP/Mefo5crHYfBSI/UJxDFR3C7U/A==",
      "dev": true,
      "requires": {
        "@polymer/iron-a11y-keys-behavior": "^3.0.0-pre.19",
        "@polymer/iron-fit-behavior": "^3.0.0-pre.19",
        "@polymer/iron-resizable-behavior": "^3.0.0-pre.19",
        "@polymer/polymer": "^3.0.0"
      }
    },
    "@polymer/iron-resizable-behavior": {
      "version": "3.0.0-pre.19",
      "resolved": "https://registry.npmjs.org/@polymer/iron-resizable-behavior/-/iron-resizable-behavior-3.0.0-pre.19.tgz",
      "integrity": "sha512-lEpkbPPYtxMLW0SYTRxblHqvTus9M0VAhRTYA1ctz22vi06JrlBdE7NizA9hQwYLpaWU/vibGBJ7afaP/AM3Tg==",
      "dev": true,
      "requires": {
        "@polymer/polymer": "^3.0.0"
      }
    },
    "@polymer/iron-scroll-target-behavior": {
      "version": "3.0.0-pre.19",
      "resolved": "https://registry.npmjs.org/@polymer/iron-scroll-target-behavior/-/iron-scroll-target-behavior-3.0.0-pre.19.tgz",
      "integrity": "sha512-hD/ztlrjo8aQRPey0ekJYGtE4ikysMLc0N/1vEwxlcg50LYT/BPkaepwgB598gTq02dDwGMhJr2heXusRshhzA==",
      "dev": true,
      "requires": {
        "@polymer/polymer": "^3.0.0"
      }
    },
    "@polymer/iron-validatable-behavior": {
      "version": "3.0.0-pre.19",
      "resolved": "https://registry.npmjs.org/@polymer/iron-validatable-behavior/-/iron-validatable-behavior-3.0.0-pre.19.tgz",
      "integrity": "sha512-lUC48m8u4+eLxcGJbaIYr3HQepP1Bn9bVeEfrVa3PlUHVkqdj8xOYxtI2fBm1UxQpmxA+I0KWwbL9zqpD1ozuA==",
      "dev": true,
      "requires": {
        "@polymer/iron-meta": "^3.0.0-pre.19",
        "@polymer/polymer": "^3.0.0"
      }
    },
    "@polymer/marked-element": {
      "version": "3.0.0-pre.19",
      "resolved": "https://registry.npmjs.org/@polymer/marked-element/-/marked-element-3.0.0-pre.19.tgz",
      "integrity": "sha512-8MBsM7vXVTvu6rQ7LaGy2Ti1d9su1jYcCLl1XUl7Xd/pcdXlpPvlZflT03Wp9QiCJt76igdl6n4DIkPLhSmvzw==",
      "dev": true,
      "requires": {
        "@polymer/polymer": "^3.0.0",
        "marked": "~0.3.9"
      }
    },
    "@polymer/paper-behaviors": {
      "version": "3.0.0-pre.19",
      "resolved": "https://registry.npmjs.org/@polymer/paper-behaviors/-/paper-behaviors-3.0.0-pre.19.tgz",
      "integrity": "sha512-j3/5AstflXixK3qCInVcREEm9Wz/Ay0/xAqzKI7Hz9FvOWhsbl64f+4FJTcdaKhXpb0dXbl5hPsqsf7cN+CQOg==",
      "dev": true,
      "requires": {
        "@polymer/iron-behaviors": "^3.0.0-pre.19",
        "@polymer/iron-checked-element-behavior": "^3.0.0-pre.19",
        "@polymer/paper-ripple": "^3.0.0-pre.19",
        "@polymer/polymer": "^3.0.0"
      }
    },
    "@polymer/paper-icon-button": {
      "version": "3.0.0-pre.19",
      "resolved": "https://registry.npmjs.org/@polymer/paper-icon-button/-/paper-icon-button-3.0.0-pre.19.tgz",
      "integrity": "sha512-BoV8vMtI1fGWKFa7dLcMJ1w6s7saEgzeOfpZDd+wtl2IrE4LSdo5C/kcMFDJz28f67ixXQUsKb/MwKPpRfaA6A==",
      "dev": true,
      "requires": {
        "@polymer/iron-icon": "^3.0.0-pre.19",
        "@polymer/paper-behaviors": "^3.0.0-pre.19",
        "@polymer/paper-styles": "^3.0.0-pre.19",
        "@polymer/polymer": "^3.0.0"
      }
    },
    "@polymer/paper-ripple": {
      "version": "3.0.0-pre.19",
      "resolved": "https://registry.npmjs.org/@polymer/paper-ripple/-/paper-ripple-3.0.0-pre.19.tgz",
      "integrity": "sha512-VpaTIVf8p39ARrUffeXv+C8xCKpM9tZdVlkYBXrvvHe1ERO995BW8i71p34yarYJccbl2SZq1qhdiNLZALqTNw==",
      "dev": true,
      "requires": {
        "@polymer/iron-a11y-keys-behavior": "^3.0.0-pre.19",
        "@polymer/polymer": "^3.0.0"
      }
    },
    "@polymer/paper-styles": {
      "version": "3.0.0-pre.19",
      "resolved": "https://registry.npmjs.org/@polymer/paper-styles/-/paper-styles-3.0.0-pre.19.tgz",
      "integrity": "sha512-ASspmHr6GJjDiPxOVsqR2mFSQim13nGy03iLeyBXxX9QQa1rXI6r16/HShBvg8MrncQSRRUHqkFCfRWO3CKpwA==",
      "dev": true,
      "requires": {
        "@polymer/font-roboto": "^3.0.0-pre.19",
        "@polymer/iron-flex-layout": "^3.0.0-pre.19",
        "@polymer/polymer": "^3.0.0"
      }
    },
    "@polymer/paper-toast": {
      "version": "3.0.0-pre.19",
      "resolved": "https://registry.npmjs.org/@polymer/paper-toast/-/paper-toast-3.0.0-pre.19.tgz",
      "integrity": "sha512-937Em4fYEsGwULLlTgC2HJWR1N+gGLdjLQdYwhM+06+uidA5nUoxgJHXyTLgx7JVwvY5/d1NNg1DAHCriKeARw==",
      "dev": true,
      "requires": {
        "@polymer/iron-a11y-announcer": "^3.0.0-pre.19",
        "@polymer/iron-fit-behavior": "^3.0.0-pre.19",
        "@polymer/iron-overlay-behavior": "^3.0.0-pre.19",
        "@polymer/polymer": "^3.0.0"
      }
    },
    "@polymer/polymer": {
      "version": "3.0.2",
      "resolved": "https://registry.npmjs.org/@polymer/polymer/-/polymer-3.0.2.tgz",
      "integrity": "sha512-ow8AAjTe9ps8bantY9IvL0PT+xHf5VN3Cjahfr7gBJAc0lv3jTwGBv7pso65SHyrUJEEHeakhx6iPMl7qY4tfw==",
      "requires": {
        "@webcomponents/shadycss": "^1.2.0"
      }
    },
    "@polymer/prism-element": {
      "version": "3.0.0-pre.19",
      "resolved": "https://registry.npmjs.org/@polymer/prism-element/-/prism-element-3.0.0-pre.19.tgz",
      "integrity": "sha512-daEXazFW4sjF+HP9M1kmaRV3oVqwl28g2D6uqzd2KpSse6GFuZJx+wRlisv24zF6xg5vMRaxPCdC6jdS7psoFg==",
      "dev": true,
      "requires": {
        "@polymer/polymer": "^3.0.0",
        "prismjs": "^1.11.0"
      }
    },
    "@webcomponents/shadycss": {
      "version": "1.2.1",
      "resolved": "https://registry.npmjs.org/@webcomponents/shadycss/-/shadycss-1.2.1.tgz",
      "integrity": "sha512-ZnjFb1Wf81CqMgs1dbT6JT6N4nY32bs2r5YC/5GSIb/ozJGR+UYs3ldJxtk1v5uZzPRIsAWv7wYSJcCp6ml8+A=="
    },
    "@webcomponents/webcomponentsjs": {
      "version": "2.0.0",
      "resolved": "https://registry.npmjs.org/@webcomponents/webcomponentsjs/-/webcomponentsjs-2.0.0.tgz",
      "integrity": "sha512-f6izmesHd8E+rL32tftlXZmz1EAL+lLn8AUex0mJFLe39z53iTFNCqxAYsMmCA/QSGP+8X6D1it/JbuVl1jOHA==",
      "dev": true
    },
    "marked": {
      "version": "0.3.19",
      "resolved": "https://registry.npmjs.org/marked/-/marked-0.3.19.tgz",
      "integrity": "sha512-ea2eGWOqNxPcXv8dyERdSr/6FmzvWwzjMxpfGB/sbMccXoct+xY+YukPD+QTUZwyvK7BZwcr4m21WBOW41pAkg==",
      "dev": true
    },
    "prismjs": {
      "version": "1.24.0",
      "resolved": "https://registry.npmjs.org/prismjs/-/prismjs-1.24.0.tgz",
      "integrity": "sha512-SqV5GRsNqnzCL8k5dfAjCNhUrF3pR0A9lTDSCUZeh/LIshheXJEaP0hwLz2t4XHivd2J/v2HR+gRnigzeKe3cQ==",
      "dev": true
    }
  }
}
